// !$*UTF8*$!
{
	archiveVersion = 1;
	classes = {
	};
	objectVersion = 56;
	objects = {

/* Begin PBXBuildFile section */
		6909E67D2C3C559C001FDD58 /* Finance_AppApp.swift in Sources */ = {isa = PBXBuildFile; fileRef = 6909E67C2C3C559C001FDD58 /* Finance_AppApp.swift */; };
		6909E67F2C3C559C001FDD58 /* ContentView.swift in Sources */ = {isa = PBXBuildFile; fileRef = 6909E67E2C3C559C001FDD58 /* ContentView.swift */; };
		6909E6812C3C559E001FDD58 /* Assets.xcassets in Resources */ = {isa = PBXBuildFile; fileRef = 6909E6802C3C559E001FDD58 /* Assets.xcassets */; };
		6909E6842C3C559E001FDD58 /* Preview Assets.xcassets in Resources */ = {isa = PBXBuildFile; fileRef = 6909E6832C3C559E001FDD58 /* Preview Assets.xcassets */; };
		6909E68C2C3CAB11001FDD58 /* SignInView.swift in Sources */ = {isa = PBXBuildFile; fileRef = 6909E68B2C3CAB11001FDD58 /* SignInView.swift */; };
		6909E68E2C3CAD4D001FDD58 /* SignUpView.swift in Sources */ = {isa = PBXBuildFile; fileRef = 6909E68D2C3CAD4D001FDD58 /* SignUpView.swift */; };
		6909E6902C3CB1AA001FDD58 /* PasswordRecoveryView.swift in Sources */ = {isa = PBXBuildFile; fileRef = 6909E68F2C3CB1AA001FDD58 /* PasswordRecoveryView.swift */; };
		6909E6942C3CCB60001FDD58 /* GoogleService-Info.plist in Resources */ = {isa = PBXBuildFile; fileRef = 6909E6932C3CCB60001FDD58 /* GoogleService-Info.plist */; };
		6909E6972C3CD0C2001FDD58 /* FirebaseAnalytics in Frameworks */ = {isa = PBXBuildFile; productRef = 6909E6962C3CD0C2001FDD58 /* FirebaseAnalytics */; };
		6909E6992C3CD0C2001FDD58 /* FirebaseAnalyticsOnDeviceConversion in Frameworks */ = {isa = PBXBuildFile; productRef = 6909E6982C3CD0C2001FDD58 /* FirebaseAnalyticsOnDeviceConversion */; };
		6909E69B2C3CD0C2001FDD58 /* FirebaseAnalyticsSwift in Frameworks */ = {isa = PBXBuildFile; productRef = 6909E69A2C3CD0C2001FDD58 /* FirebaseAnalyticsSwift */; };
		6909E69D2C3CD0C2001FDD58 /* FirebaseAnalyticsWithoutAdIdSupport in Frameworks */ = {isa = PBXBuildFile; productRef = 6909E69C2C3CD0C2001FDD58 /* FirebaseAnalyticsWithoutAdIdSupport */; };
		6909E69F2C3CD0C2001FDD58 /* FirebaseAuth in Frameworks */ = {isa = PBXBuildFile; productRef = 6909E69E2C3CD0C2001FDD58 /* FirebaseAuth */; };
		6909E6A12C3CD0C2001FDD58 /* FirebaseAuthCombine-Community in Frameworks */ = {isa = PBXBuildFile; productRef = 6909E6A02C3CD0C2001FDD58 /* FirebaseAuthCombine-Community */; };
		6909E6A32C3CD0C2001FDD58 /* FirebaseDatabase in Frameworks */ = {isa = PBXBuildFile; productRef = 6909E6A22C3CD0C2001FDD58 /* FirebaseDatabase */; };
		6909E6A52C3CD0C2001FDD58 /* FirebaseDatabaseSwift in Frameworks */ = {isa = PBXBuildFile; productRef = 6909E6A42C3CD0C2001FDD58 /* FirebaseDatabaseSwift */; };
		6909E6A72C3CD0C2001FDD58 /* FirebaseFirestore in Frameworks */ = {isa = PBXBuildFile; productRef = 6909E6A62C3CD0C2001FDD58 /* FirebaseFirestore */; };
		6909E6A92C3CD0C2001FDD58 /* FirebaseFirestoreCombine-Community in Frameworks */ = {isa = PBXBuildFile; productRef = 6909E6A82C3CD0C2001FDD58 /* FirebaseFirestoreCombine-Community */; };
		6909E6AB2C3CD0C2001FDD58 /* FirebaseFirestoreSwift in Frameworks */ = {isa = PBXBuildFile; productRef = 6909E6AA2C3CD0C2001FDD58 /* FirebaseFirestoreSwift */; };
		6909E6AD2C3CD0C2001FDD58 /* FirebaseStorage in Frameworks */ = {isa = PBXBuildFile; productRef = 6909E6AC2C3CD0C2001FDD58 /* FirebaseStorage */; };
		6909E6AF2C3CD0C2001FDD58 /* FirebaseStorageCombine-Community in Frameworks */ = {isa = PBXBuildFile; productRef = 6909E6AE2C3CD0C2001FDD58 /* FirebaseStorageCombine-Community */; };
		6909E6B12C48B4B7001FDD58 /* UserModel.swift in Sources */ = {isa = PBXBuildFile; fileRef = 6909E6B02C48B4B7001FDD58 /* UserModel.swift */; };
		6909E6B42C48B525001FDD58 /* AuthController.swift in Sources */ = {isa = PBXBuildFile; fileRef = 6909E6B32C48B525001FDD58 /* AuthController.swift */; };
		6909E6B72C49FC62001FDD58 /* HomeView.swift in Sources */ = {isa = PBXBuildFile; fileRef = 6909E6B62C49FC62001FDD58 /* HomeView.swift */; };
		6909E6B92C4B5CA8001FDD58 /* AddExpenseAndIncomeView.swift in Sources */ = {isa = PBXBuildFile; fileRef = 6909E6B82C4B5CA8001FDD58 /* AddExpenseAndIncomeView.swift */; };
		6909E6BB2C4B6921001FDD58 /* ExpenseIncome.swift in Sources */ = {isa = PBXBuildFile; fileRef = 6909E6BA2C4B6921001FDD58 /* ExpenseIncome.swift */; };
		6909E6BD2C4B69A6001FDD58 /* AddExpenseAndIncomeViewModel.swift in Sources */ = {isa = PBXBuildFile; fileRef = 6909E6BC2C4B69A6001FDD58 /* AddExpenseAndIncomeViewModel.swift */; };
/* End PBXBuildFile section */

/* Begin PBXFileReference section */
		6909E6792C3C559C001FDD58 /* Finance App.app */ = {isa = PBXFileReference; explicitFileType = wrapper.application; includeInIndex = 0; path = "Finance App.app"; sourceTree = BUILT_PRODUCTS_DIR; };
		6909E67C2C3C559C001FDD58 /* Finance_AppApp.swift */ = {isa = PBXFileReference; lastKnownFileType = sourcecode.swift; path = Finance_AppApp.swift; sourceTree = "<group>"; };
		6909E67E2C3C559C001FDD58 /* ContentView.swift */ = {isa = PBXFileReference; lastKnownFileType = sourcecode.swift; path = ContentView.swift; sourceTree = "<group>"; };
		6909E6802C3C559E001FDD58 /* Assets.xcassets */ = {isa = PBXFileReference; lastKnownFileType = folder.assetcatalog; path = Assets.xcassets; sourceTree = "<group>"; };
		6909E6832C3C559E001FDD58 /* Preview Assets.xcassets */ = {isa = PBXFileReference; lastKnownFileType = folder.assetcatalog; path = "Preview Assets.xcassets"; sourceTree = "<group>"; };
		6909E68B2C3CAB11001FDD58 /* SignInView.swift */ = {isa = PBXFileReference; lastKnownFileType = sourcecode.swift; path = SignInView.swift; sourceTree = "<group>"; };
		6909E68D2C3CAD4D001FDD58 /* SignUpView.swift */ = {isa = PBXFileReference; lastKnownFileType = sourcecode.swift; path = SignUpView.swift; sourceTree = "<group>"; };
		6909E68F2C3CB1AA001FDD58 /* PasswordRecoveryView.swift */ = {isa = PBXFileReference; lastKnownFileType = sourcecode.swift; path = PasswordRecoveryView.swift; sourceTree = "<group>"; };
		6909E6932C3CCB60001FDD58 /* GoogleService-Info.plist */ = {isa = PBXFileReference; fileEncoding = 4; lastKnownFileType = text.plist.xml; path = "GoogleService-Info.plist"; sourceTree = "<group>"; };
		6909E6B02C48B4B7001FDD58 /* UserModel.swift */ = {isa = PBXFileReference; lastKnownFileType = sourcecode.swift; path = UserModel.swift; sourceTree = "<group>"; };
		6909E6B32C48B525001FDD58 /* AuthController.swift */ = {isa = PBXFileReference; lastKnownFileType = sourcecode.swift; path = AuthController.swift; sourceTree = "<group>"; };
		6909E6B62C49FC62001FDD58 /* HomeView.swift */ = {isa = PBXFileReference; lastKnownFileType = sourcecode.swift; path = HomeView.swift; sourceTree = "<group>"; };
		6909E6B82C4B5CA8001FDD58 /* AddExpenseAndIncomeView.swift */ = {isa = PBXFileReference; lastKnownFileType = sourcecode.swift; path = AddExpenseAndIncomeView.swift; sourceTree = "<group>"; };
		6909E6BA2C4B6921001FDD58 /* ExpenseIncome.swift */ = {isa = PBXFileReference; lastKnownFileType = sourcecode.swift; path = ExpenseIncome.swift; sourceTree = "<group>"; };
		6909E6BC2C4B69A6001FDD58 /* AddExpenseAndIncomeViewModel.swift */ = {isa = PBXFileReference; lastKnownFileType = sourcecode.swift; path = AddExpenseAndIncomeViewModel.swift; sourceTree = "<group>"; };
/* End PBXFileReference section */

/* Begin PBXFrameworksBuildPhase section */
		6909E6762C3C559C001FDD58 /* Frameworks */ = {
			isa = PBXFrameworksBuildPhase;
			buildActionMask = 2147483647;
			files = (
				6909E6A52C3CD0C2001FDD58 /* FirebaseDatabaseSwift in Frameworks */,
				6909E69B2C3CD0C2001FDD58 /* FirebaseAnalyticsSwift in Frameworks */,
				6909E6A12C3CD0C2001FDD58 /* FirebaseAuthCombine-Community in Frameworks */,
				6909E6AF2C3CD0C2001FDD58 /* FirebaseStorageCombine-Community in Frameworks */,
				6909E6A92C3CD0C2001FDD58 /* FirebaseFirestoreCombine-Community in Frameworks */,
				6909E69F2C3CD0C2001FDD58 /* FirebaseAuth in Frameworks */,
				6909E6AD2C3CD0C2001FDD58 /* FirebaseStorage in Frameworks */,
				6909E6AB2C3CD0C2001FDD58 /* FirebaseFirestoreSwift in Frameworks */,
				6909E6972C3CD0C2001FDD58 /* FirebaseAnalytics in Frameworks */,
				6909E6A72C3CD0C2001FDD58 /* FirebaseFirestore in Frameworks */,
				6909E6992C3CD0C2001FDD58 /* FirebaseAnalyticsOnDeviceConversion in Frameworks */,
				6909E6A32C3CD0C2001FDD58 /* FirebaseDatabase in Frameworks */,
				6909E69D2C3CD0C2001FDD58 /* FirebaseAnalyticsWithoutAdIdSupport in Frameworks */,
			);
			runOnlyForDeploymentPostprocessing = 0;
		};
/* End PBXFrameworksBuildPhase section */

/* Begin PBXGroup section */
		6909E6702C3C559C001FDD58 = {
			isa = PBXGroup;
			children = (
				6909E67B2C3C559C001FDD58 /* Finance App */,
				6909E67A2C3C559C001FDD58 /* Products */,
			);
			sourceTree = "<group>";
		};
		6909E67A2C3C559C001FDD58 /* Products */ = {
			isa = PBXGroup;
			children = (
				6909E6792C3C559C001FDD58 /* Finance App.app */,
			);
			name = Products;
			sourceTree = "<group>";
		};
		6909E67B2C3C559C001FDD58 /* Finance App */ = {
			isa = PBXGroup;
			children = (
				6909E6932C3CCB60001FDD58 /* GoogleService-Info.plist */,
				6909E67C2C3C559C001FDD58 /* Finance_AppApp.swift */,
				6909E6B52C48B52A001FDD58 /* Controllers */,
				6909E6B22C48B4BC001FDD58 /* Models */,
				6909E68A2C3CAAF0001FDD58 /* Views */,
				6909E6802C3C559E001FDD58 /* Assets.xcassets */,
				6909E6822C3C559E001FDD58 /* Preview Content */,
			);
			path = "Finance App";
			sourceTree = "<group>";
		};
		6909E6822C3C559E001FDD58 /* Preview Content */ = {
			isa = PBXGroup;
			children = (
				6909E6832C3C559E001FDD58 /* Preview Assets.xcassets */,
			);
			path = "Preview Content";
			sourceTree = "<group>";
		};
		6909E68A2C3CAAF0001FDD58 /* Views */ = {
			isa = PBXGroup;
			children = (
				6909E67E2C3C559C001FDD58 /* ContentView.swift */,
				6909E6B62C49FC62001FDD58 /* HomeView.swift */,
				6909E6B82C4B5CA8001FDD58 /* AddExpenseAndIncomeView.swift */,
				6909E68F2C3CB1AA001FDD58 /* PasswordRecoveryView.swift */,
				6909E68B2C3CAB11001FDD58 /* SignInView.swift */,
				6909E68D2C3CAD4D001FDD58 /* SignUpView.swift */,
			);
			path = Views;
			sourceTree = "<group>";
		};
		6909E6B22C48B4BC001FDD58 /* Models */ = {
			isa = PBXGroup;
			children = (
				6909E6B02C48B4B7001FDD58 /* UserModel.swift */,
				6909E6BA2C4B6921001FDD58 /* ExpenseIncome.swift */,
			);
			path = Models;
			sourceTree = "<group>";
		};
		6909E6B52C48B52A001FDD58 /* Controllers */ = {
			isa = PBXGroup;
			children = (
				6909E6B32C48B525001FDD58 /* AuthController.swift */,
				6909E6BC2C4B69A6001FDD58 /* AddExpenseAndIncomeViewModel.swift */,
			);
			path = Controllers;
			sourceTree = "<group>";
		};
/* End PBXGroup section */

/* Begin PBXNativeTarget section */
		6909E6782C3C559C001FDD58 /* Finance App */ = {
			isa = PBXNativeTarget;
			buildConfigurationList = 6909E6872C3C559E001FDD58 /* Build configuration list for PBXNativeTarget "Finance App" */;
			buildPhases = (
				6909E6752C3C559C001FDD58 /* Sources */,
				6909E6762C3C559C001FDD58 /* Frameworks */,
				6909E6772C3C559C001FDD58 /* Resources */,
			);
			buildRules = (
			);
			dependencies = (
			);
			name = "Finance App";
			packageProductDependencies = (
				6909E6962C3CD0C2001FDD58 /* FirebaseAnalytics */,
				6909E6982C3CD0C2001FDD58 /* FirebaseAnalyticsOnDeviceConversion */,
				6909E69A2C3CD0C2001FDD58 /* FirebaseAnalyticsSwift */,
				6909E69C2C3CD0C2001FDD58 /* FirebaseAnalyticsWithoutAdIdSupport */,
				6909E69E2C3CD0C2001FDD58 /* FirebaseAuth */,
				6909E6A02C3CD0C2001FDD58 /* FirebaseAuthCombine-Community */,
				6909E6A22C3CD0C2001FDD58 /* FirebaseDatabase */,
				6909E6A42C3CD0C2001FDD58 /* FirebaseDatabaseSwift */,
				6909E6A62C3CD0C2001FDD58 /* FirebaseFirestore */,
				6909E6A82C3CD0C2001FDD58 /* FirebaseFirestoreCombine-Community */,
				6909E6AA2C3CD0C2001FDD58 /* FirebaseFirestoreSwift */,
				6909E6AC2C3CD0C2001FDD58 /* FirebaseStorage */,
				6909E6AE2C3CD0C2001FDD58 /* FirebaseStorageCombine-Community */,
			);
			productName = "Finance App";
			productReference = 6909E6792C3C559C001FDD58 /* Finance App.app */;
			productType = "com.apple.product-type.application";
		};
/* End PBXNativeTarget section */

/* Begin PBXProject section */
		6909E6712C3C559C001FDD58 /* Project object */ = {
			isa = PBXProject;
			attributes = {
				BuildIndependentTargetsInParallel = 1;
				LastSwiftUpdateCheck = 1540;
				LastUpgradeCheck = 1540;
				TargetAttributes = {
					6909E6782C3C559C001FDD58 = {
						CreatedOnToolsVersion = 15.4;
					};
				};
			};
			buildConfigurationList = 6909E6742C3C559C001FDD58 /* Build configuration list for PBXProject "Finance App" */;
			compatibilityVersion = "Xcode 14.0";
			developmentRegion = en;
			hasScannedForEncodings = 0;
			knownRegions = (
				en,
				Base,
			);
			mainGroup = 6909E6702C3C559C001FDD58;
			packageReferences = (
				6909E6952C3CD0C2001FDD58 /* XCRemoteSwiftPackageReference "firebase-ios-sdk" */,
			);
			productRefGroup = 6909E67A2C3C559C001FDD58 /* Products */;
			projectDirPath = "";
			projectRoot = "";
			targets = (
				6909E6782C3C559C001FDD58 /* Finance App */,
			);
		};
/* End PBXProject section */

/* Begin PBXResourcesBuildPhase section */
		6909E6772C3C559C001FDD58 /* Resources */ = {
			isa = PBXResourcesBuildPhase;
			buildActionMask = 2147483647;
			files = (
				6909E6842C3C559E001FDD58 /* Preview Assets.xcassets in Resources */,
				6909E6812C3C559E001FDD58 /* Assets.xcassets in Resources */,
				6909E6942C3CCB60001FDD58 /* GoogleService-Info.plist in Resources */,
			);
			runOnlyForDeploymentPostprocessing = 0;
		};
/* End PBXResourcesBuildPhase section */

/* Begin PBXSourcesBuildPhase section */
		6909E6752C3C559C001FDD58 /* Sources */ = {
			isa = PBXSourcesBuildPhase;
			buildActionMask = 2147483647;
			files = (
				6909E6B92C4B5CA8001FDD58 /* AddExpenseAndIncomeView.swift in Sources */,
				6909E6BD2C4B69A6001FDD58 /* AddExpenseAndIncomeViewModel.swift in Sources */,
				6909E6B72C49FC62001FDD58 /* HomeView.swift in Sources */,
				6909E68E2C3CAD4D001FDD58 /* SignUpView.swift in Sources */,
				6909E6BB2C4B6921001FDD58 /* ExpenseIncome.swift in Sources */,
				6909E6B12C48B4B7001FDD58 /* UserModel.swift in Sources */,
				6909E68C2C3CAB11001FDD58 /* SignInView.swift in Sources */,
				6909E6902C3CB1AA001FDD58 /* PasswordRecoveryView.swift in Sources */,
				6909E6B42C48B525001FDD58 /* AuthController.swift in Sources */,
				6909E67F2C3C559C001FDD58 /* ContentView.swift in Sources */,
				6909E67D2C3C559C001FDD58 /* Finance_AppApp.swift in Sources */,
			);
			runOnlyForDeploymentPostprocessing = 0;
		};
/* End PBXSourcesBuildPhase section */

/* Begin XCBuildConfiguration section */
		6909E6852C3C559E001FDD58 /* Debug */ = {
			isa = XCBuildConfiguration;
			buildSettings = {
				ALWAYS_SEARCH_USER_PATHS = NO;
				ASSETCATALOG_COMPILER_GENERATE_SWIFT_ASSET_SYMBOL_EXTENSIONS = YES;
				CLANG_ANALYZER_NONNULL = YES;
				CLANG_ANALYZER_NUMBER_OBJECT_CONVERSION = YES_AGGRESSIVE;
				CLANG_CXX_LANGUAGE_STANDARD = "gnu++20";
				CLANG_ENABLE_MODULES = YES;
				CLANG_ENABLE_OBJC_ARC = YES;
				CLANG_ENABLE_OBJC_WEAK = YES;
				CLANG_WARN_BLOCK_CAPTURE_AUTORELEASING = YES;
				CLANG_WARN_BOOL_CONVERSION = YES;
				CLANG_WARN_COMMA = YES;
				CLANG_WARN_CONSTANT_CONVERSION = YES;
				CLANG_WARN_DEPRECATED_OBJC_IMPLEMENTATIONS = YES;
				CLANG_WARN_DIRECT_OBJC_ISA_USAGE = YES_ERROR;
				CLANG_WARN_DOCUMENTATION_COMMENTS = YES;
				CLANG_WARN_EMPTY_BODY = YES;
				CLANG_WARN_ENUM_CONVERSION = YES;
				CLANG_WARN_INFINITE_RECURSION = YES;
				CLANG_WARN_INT_CONVERSION = YES;
				CLANG_WARN_NON_LITERAL_NULL_CONVERSION = YES;
				CLANG_WARN_OBJC_IMPLICIT_RETAIN_SELF = YES;
				CLANG_WARN_OBJC_LITERAL_CONVERSION = YES;
				CLANG_WARN_OBJC_ROOT_CLASS = YES_ERROR;
				CLANG_WARN_QUOTED_INCLUDE_IN_FRAMEWORK_HEADER = YES;
				CLANG_WARN_RANGE_LOOP_ANALYSIS = YES;
				CLANG_WARN_STRICT_PROTOTYPES = YES;
				CLANG_WARN_SUSPICIOUS_MOVE = YES;
				CLANG_WARN_UNGUARDED_AVAILABILITY = YES_AGGRESSIVE;
				CLANG_WARN_UNREACHABLE_CODE = YES;
				CLANG_WARN__DUPLICATE_METHOD_MATCH = YES;
				COPY_PHASE_STRIP = NO;
				DEBUG_INFORMATION_FORMAT = dwarf;
				ENABLE_STRICT_OBJC_MSGSEND = YES;
				ENABLE_TESTABILITY = YES;
				ENABLE_USER_SCRIPT_SANDBOXING = YES;
				GCC_C_LANGUAGE_STANDARD = gnu17;
				GCC_DYNAMIC_NO_PIC = NO;
				GCC_NO_COMMON_BLOCKS = YES;
				GCC_OPTIMIZATION_LEVEL = 0;
				GCC_PREPROCESSOR_DEFINITIONS = (
					"DEBUG=1",
					"$(inherited)",
				);
				GCC_WARN_64_TO_32_BIT_CONVERSION = YES;
				GCC_WARN_ABOUT_RETURN_TYPE = YES_ERROR;
				GCC_WARN_UNDECLARED_SELECTOR = YES;
				GCC_WARN_UNINITIALIZED_AUTOS = YES_AGGRESSIVE;
				GCC_WARN_UNUSED_FUNCTION = YES;
				GCC_WARN_UNUSED_VARIABLE = YES;
				IPHONEOS_DEPLOYMENT_TARGET = 17.5;
				LOCALIZATION_PREFERS_STRING_CATALOGS = YES;
				MTL_ENABLE_DEBUG_INFO = INCLUDE_SOURCE;
				MTL_FAST_MATH = YES;
				ONLY_ACTIVE_ARCH = YES;
				SDKROOT = iphoneos;
				SWIFT_ACTIVE_COMPILATION_CONDITIONS = "DEBUG $(inherited)";
				SWIFT_OPTIMIZATION_LEVEL = "-Onone";
			};
			name = Debug;
		};
		6909E6862C3C559E001FDD58 /* Release */ = {
			isa = XCBuildConfiguration;
			buildSettings = {
				ALWAYS_SEARCH_USER_PATHS = NO;
				ASSETCATALOG_COMPILER_GENERATE_SWIFT_ASSET_SYMBOL_EXTENSIONS = YES;
				CLANG_ANALYZER_NONNULL = YES;
				CLANG_ANALYZER_NUMBER_OBJECT_CONVERSION = YES_AGGRESSIVE;
				CLANG_CXX_LANGUAGE_STANDARD = "gnu++20";
				CLANG_ENABLE_MODULES = YES;
				CLANG_ENABLE_OBJC_ARC = YES;
				CLANG_ENABLE_OBJC_WEAK = YES;
				CLANG_WARN_BLOCK_CAPTURE_AUTORELEASING = YES;
				CLANG_WARN_BOOL_CONVERSION = YES;
				CLANG_WARN_COMMA = YES;
				CLANG_WARN_CONSTANT_CONVERSION = YES;
				CLANG_WARN_DEPRECATED_OBJC_IMPLEMENTATIONS = YES;
				CLANG_WARN_DIRECT_OBJC_ISA_USAGE = YES_ERROR;
				CLANG_WARN_DOCUMENTATION_COMMENTS = YES;
				CLANG_WARN_EMPTY_BODY = YES;
				CLANG_WARN_ENUM_CONVERSION = YES;
				CLANG_WARN_INFINITE_RECURSION = YES;
				CLANG_WARN_INT_CONVERSION = YES;
				CLANG_WARN_NON_LITERAL_NULL_CONVERSION = YES;
				CLANG_WARN_OBJC_IMPLICIT_RETAIN_SELF = YES;
				CLANG_WARN_OBJC_LITERAL_CONVERSION = YES;
				CLANG_WARN_OBJC_ROOT_CLASS = YES_ERROR;
				CLANG_WARN_QUOTED_INCLUDE_IN_FRAMEWORK_HEADER = YES;
				CLANG_WARN_RANGE_LOOP_ANALYSIS = YES;
				CLANG_WARN_STRICT_PROTOTYPES = YES;
				CLANG_WARN_SUSPICIOUS_MOVE = YES;
				CLANG_WARN_UNGUARDED_AVAILABILITY = YES_AGGRESSIVE;
				CLANG_WARN_UNREACHABLE_CODE = YES;
				CLANG_WARN__DUPLICATE_METHOD_MATCH = YES;
				COPY_PHASE_STRIP = NO;
				DEBUG_INFORMATION_FORMAT = "dwarf-with-dsym";
				ENABLE_NS_ASSERTIONS = NO;
				ENABLE_STRICT_OBJC_MSGSEND = YES;
				ENABLE_USER_SCRIPT_SANDBOXING = YES;
				GCC_C_LANGUAGE_STANDARD = gnu17;
				GCC_NO_COMMON_BLOCKS = YES;
				GCC_WARN_64_TO_32_BIT_CONVERSION = YES;
				GCC_WARN_ABOUT_RETURN_TYPE = YES_ERROR;
				GCC_WARN_UNDECLARED_SELECTOR = YES;
				GCC_WARN_UNINITIALIZED_AUTOS = YES_AGGRESSIVE;
				GCC_WARN_UNUSED_FUNCTION = YES;
				GCC_WARN_UNUSED_VARIABLE = YES;
				IPHONEOS_DEPLOYMENT_TARGET = 17.5;
				LOCALIZATION_PREFERS_STRING_CATALOGS = YES;
				MTL_ENABLE_DEBUG_INFO = NO;
				MTL_FAST_MATH = YES;
				SDKROOT = iphoneos;
				SWIFT_COMPILATION_MODE = wholemodule;
				VALIDATE_PRODUCT = YES;
			};
			name = Release;
		};
		6909E6882C3C559E001FDD58 /* Debug */ = {
			isa = XCBuildConfiguration;
			buildSettings = {
				ASSETCATALOG_COMPILER_APPICON_NAME = AppIcon;
				ASSETCATALOG_COMPILER_GLOBAL_ACCENT_COLOR_NAME = AccentColor;
				CODE_SIGN_STYLE = Automatic;
				CURRENT_PROJECT_VERSION = 1;
				DEVELOPMENT_ASSET_PATHS = "\"Finance App/Preview Content\"";
				DEVELOPMENT_TEAM = N43244999T;
				ENABLE_PREVIEWS = YES;
				GENERATE_INFOPLIST_FILE = YES;
				INFOPLIST_KEY_CFBundleDisplayName = MyPlan;
				INFOPLIST_KEY_UIApplicationSceneManifest_Generation = YES;
				INFOPLIST_KEY_UIApplicationSupportsIndirectInputEvents = YES;
				INFOPLIST_KEY_UILaunchScreen_Generation = YES;
				INFOPLIST_KEY_UISupportedInterfaceOrientations_iPad = "UIInterfaceOrientationPortrait UIInterfaceOrientationPortraitUpsideDown UIInterfaceOrientationLandscapeLeft UIInterfaceOrientationLandscapeRight";
				INFOPLIST_KEY_UISupportedInterfaceOrientations_iPhone = "UIInterfaceOrientationPortrait UIInterfaceOrientationLandscapeLeft UIInterfaceOrientationLandscapeRight";
				LD_RUNPATH_SEARCH_PATHS = (
					"$(inherited)",
					"@executable_path/Frameworks",
				);
				MARKETING_VERSION = 1.0;
				PRODUCT_BUNDLE_IDENTIFIER = "JorgePinto.Finance-App";
				PRODUCT_NAME = "$(TARGET_NAME)";
				SWIFT_EMIT_LOC_STRINGS = YES;
				SWIFT_VERSION = 5.0;
				TARGETED_DEVICE_FAMILY = "1,2";
			};
			name = Debug;
		};
		6909E6892C3C559E001FDD58 /* Release */ = {
			isa = XCBuildConfiguration;
			buildSettings = {
				ASSETCATALOG_COMPILER_APPICON_NAME = AppIcon;
				ASSETCATALOG_COMPILER_GLOBAL_ACCENT_COLOR_NAME = AccentColor;
				CODE_SIGN_STYLE = Automatic;
				CURRENT_PROJECT_VERSION = 1;
				DEVELOPMENT_ASSET_PATHS = "\"Finance App/Preview Content\"";
				DEVELOPMENT_TEAM = N43244999T;
				ENABLE_PREVIEWS = YES;
				GENERATE_INFOPLIST_FILE = YES;
				INFOPLIST_KEY_CFBundleDisplayName = MyPlan;
				INFOPLIST_KEY_UIApplicationSceneManifest_Generation = YES;
				INFOPLIST_KEY_UIApplicationSupportsIndirectInputEvents = YES;
				INFOPLIST_KEY_UILaunchScreen_Generation = YES;
				INFOPLIST_KEY_UISupportedInterfaceOrientations_iPad = "UIInterfaceOrientationPortrait UIInterfaceOrientationPortraitUpsideDown UIInterfaceOrientationLandscapeLeft UIInterfaceOrientationLandscapeRight";
				INFOPLIST_KEY_UISupportedInterfaceOrientations_iPhone = "UIInterfaceOrientationPortrait UIInterfaceOrientationLandscapeLeft UIInterfaceOrientationLandscapeRight";
				LD_RUNPATH_SEARCH_PATHS = (
					"$(inherited)",
					"@executable_path/Frameworks",
				);
				MARKETING_VERSION = 1.0;
				PRODUCT_BUNDLE_IDENTIFIER = "JorgePinto.Finance-App";
				PRODUCT_NAME = "$(TARGET_NAME)";
				SWIFT_EMIT_LOC_STRINGS = YES;
				SWIFT_VERSION = 5.0;
				TARGETED_DEVICE_FAMILY = "1,2";
			};
			name = Release;
		};
/* End XCBuildConfiguration section */

/* Begin XCConfigurationList section */
		6909E6742C3C559C001FDD58 /* Build configuration list for PBXProject "Finance App" */ = {
			isa = XCConfigurationList;
			buildConfigurations = (
				6909E6852C3C559E001FDD58 /* Debug */,
				6909E6862C3C559E001FDD58 /* Release */,
			);
			defaultConfigurationIsVisible = 0;
			defaultConfigurationName = Release;
		};
		6909E6872C3C559E001FDD58 /* Build configuration list for PBXNativeTarget "Finance App" */ = {
			isa = XCConfigurationList;
			buildConfigurations = (
				6909E6882C3C559E001FDD58 /* Debug */,
				6909E6892C3C559E001FDD58 /* Release */,
			);
			defaultConfigurationIsVisible = 0;
			defaultConfigurationName = Release;
		};
/* End XCConfigurationList section */

/* Begin XCRemoteSwiftPackageReference section */
		6909E6952C3CD0C2001FDD58 /* XCRemoteSwiftPackageReference "firebase-ios-sdk" */ = {
			isa = XCRemoteSwiftPackageReference;
			repositoryURL = "https://github.com/firebase/firebase-ios-sdk";
			requirement = {
				kind = upToNextMajorVersion;
				minimumVersion = 10.29.0;
			};
		};
/* End XCRemoteSwiftPackageReference section */

/* Begin XCSwiftPackageProductDependency section */
		6909E6962C3CD0C2001FDD58 /* FirebaseAnalytics */ = {
			isa = XCSwiftPackageProductDependency;
			package = 6909E6952C3CD0C2001FDD58 /* XCRemoteSwiftPackageReference "firebase-ios-sdk" */;
			productName = FirebaseAnalytics;
		};
		6909E6982C3CD0C2001FDD58 /* FirebaseAnalyticsOnDeviceConversion */ = {
			isa = XCSwiftPackageProductDependency;
			package = 6909E6952C3CD0C2001FDD58 /* XCRemoteSwiftPackageReference "firebase-ios-sdk" */;
			productName = FirebaseAnalyticsOnDeviceConversion;
		};
		6909E69A2C3CD0C2001FDD58 /* FirebaseAnalyticsSwift */ = {
			isa = XCSwiftPackageProductDependency;
			package = 6909E6952C3CD0C2001FDD58 /* XCRemoteSwiftPackageReference "firebase-ios-sdk" */;
			productName = FirebaseAnalyticsSwift;
		};
		6909E69C2C3CD0C2001FDD58 /* FirebaseAnalyticsWithoutAdIdSupport */ = {
			isa = XCSwiftPackageProductDependency;
			package = 6909E6952C3CD0C2001FDD58 /* XCRemoteSwiftPackageReference "firebase-ios-sdk" */;
			productName = FirebaseAnalyticsWithoutAdIdSupport;
		};
		6909E69E2C3CD0C2001FDD58 /* FirebaseAuth */ = {
			isa = XCSwiftPackageProductDependency;
			package = 6909E6952C3CD0C2001FDD58 /* XCRemoteSwiftPackageReference "firebase-ios-sdk" */;
			productName = FirebaseAuth;
		};
		6909E6A02C3CD0C2001FDD58 /* FirebaseAuthCombine-Community */ = {
			isa = XCSwiftPackageProductDependency;
			package = 6909E6952C3CD0C2001FDD58 /* XCRemoteSwiftPackageReference "firebase-ios-sdk" */;
			productName = "FirebaseAuthCombine-Community";
		};
		6909E6A22C3CD0C2001FDD58 /* FirebaseDatabase */ = {
			isa = XCSwiftPackageProductDependency;
			package = 6909E6952C3CD0C2001FDD58 /* XCRemoteSwiftPackageReference "firebase-ios-sdk" */;
			productName = FirebaseDatabase;
		};
		6909E6A42C3CD0C2001FDD58 /* FirebaseDatabaseSwift */ = {
			isa = XCSwiftPackageProductDependency;
			package = 6909E6952C3CD0C2001FDD58 /* XCRemoteSwiftPackageReference "firebase-ios-sdk" */;
			productName = FirebaseDatabaseSwift;
		};
		6909E6A62C3CD0C2001FDD58 /* FirebaseFirestore */ = {
			isa = XCSwiftPackageProductDependency;
			package = 6909E6952C3CD0C2001FDD58 /* XCRemoteSwiftPackageReference "firebase-ios-sdk" */;
			productName = FirebaseFirestore;
		};
		6909E6A82C3CD0C2001FDD58 /* FirebaseFirestoreCombine-Community */ = {
			isa = XCSwiftPackageProductDependency;
			package = 6909E6952C3CD0C2001FDD58 /* XCRemoteSwiftPackageReference "firebase-ios-sdk" */;
			productName = "FirebaseFirestoreCombine-Community";
		};
		6909E6AA2C3CD0C2001FDD58 /* FirebaseFirestoreSwift */ = {
			isa = XCSwiftPackageProductDependency;
			package = 6909E6952C3CD0C2001FDD58 /* XCRemoteSwiftPackageReference "firebase-ios-sdk" */;
			productName = FirebaseFirestoreSwift;
		};
		6909E6AC2C3CD0C2001FDD58 /* FirebaseStorage */ = {
			isa = XCSwiftPackageProductDependency;
			package = 6909E6952C3CD0C2001FDD58 /* XCRemoteSwiftPackageReference "firebase-ios-sdk" */;
			productName = FirebaseStorage;
		};
		6909E6AE2C3CD0C2001FDD58 /* FirebaseStorageCombine-Community */ = {
			isa = XCSwiftPackageProductDependency;
			package = 6909E6952C3CD0C2001FDD58 /* XCRemoteSwiftPackageReference "firebase-ios-sdk" */;
			productName = "FirebaseStorageCombine-Community";
		};
/* End XCSwiftPackageProductDependency section */
	};
	rootObject = 6909E6712C3C559C001FDD58 /* Project object */;
}
